
Microsoft Visual Studio Solution File, Format Version 12.00
# Visual Studio Version 17
VisualStudioVersion = 17.14.36414.22
MinimumVisualStudioVersion = 10.0.40219.1
Project("{2150E333-8FDC-42A3-9474-1A3956D46DE8}") = "Task0", "Task0", "{02EA681E-C7D8-13C7-8484-4AC65E1B71E8}"
EndProject
Project("{FAE04EC0-301F-11D3-BF4B-00C04F79EFBC}") = "Tyuiu.BabenkovTO.Sprint4.Task0.V25", "Tyuiu.BabenkovTO.Sprint4.Task0.V25\Tyuiu.BabenkovTO.Sprint4.Task0.V25.csproj", "{04B34DCA-F966-4722-BEDA-E9CC40D55926}"
EndProject
Project("{FAE04EC0-301F-11D3-BF4B-00C04F79EFBC}") = "Tyuiu.BabenkovTO.Sprint4.Task0.V25.Lib", "Tyuiu.BabenkovTO.Sprint4.Task0.V25.Lib\Tyuiu.BabenkovTO.Sprint4.Task0.V25.Lib.csproj", "{424398C6-2EE9-425E-9E13-4F3BAB1A6C38}"
EndProject
Project("{FAE04EC0-301F-11D3-BF4B-00C04F79EFBC}") = "Tyuiu.BabenkovTO.Sprint4.Task0.V25.Test", "Tyuiu.BabenkovTO.Sprint4.Task0.V25.Test\Tyuiu.BabenkovTO.Sprint4.Task0.V25.Test.csproj", "{E86B1D0B-C04E-40AB-9EBC-CB97350669C3}"
EndProject
Project("{2150E333-8FDC-42A3-9474-1A3956D46DE8}") = "Task1", "Task1", "{7B530E88-A910-474C-81BD-BD2AA6CF1E75}"
EndProject
Project("{FAE04EC0-301F-11D3-BF4B-00C04F79EFBC}") = "Tyuiu.BabenkovTO.Sprint4.Task1.V13", "Tyuiu.BabenkovTO.Sprint4.Task1.V13\Tyuiu.BabenkovTO.Sprint4.Task1.V13.csproj", "{D81BB820-89DF-4035-8B7D-D5A85F23B5D6}"
EndProject
Project("{FAE04EC0-301F-11D3-BF4B-00C04F79EFBC}") = "Tyuiu.BabenkovTO.Sprint4.Task1.V13.Lib", "Tyuiu.BabenkovTO.Sprint4.Task1.V13.Lib\Tyuiu.BabenkovTO.Sprint4.Task1.V13.Lib.csproj", "{C23B5F7A-169B-447B-8F8E-0220B0D12E34}"
EndProject
Project("{FAE04EC0-301F-11D3-BF4B-00C04F79EFBC}") = "Tyuiu.BabenkovTO.Sprint4.Task1.V13.Test", "Tyuiu.BabenkovTO.Sprint4.Task1.V13.Test\Tyuiu.BabenkovTO.Sprint4.Task1.V13.Test.csproj", "{68F66C40-A3B6-4888-A5E1-D014360EA5B0}"
EndProject
Project("{2150E333-8FDC-42A3-9474-1A3956D46DE8}") = "Task2", "Task2", "{C68D8FA1-EA55-43AF-8720-E6EA3502548D}"
EndProject
Project("{FAE04EC0-301F-11D3-BF4B-00C04F79EFBC}") = "Tyuiu.BabenkovTO.Sprint4.Task2.V25", "Tyuiu.BabenkovTO.Sprint4.Task2.V25\Tyuiu.BabenkovTO.Sprint4.Task2.V25.csproj", "{04A48E72-3BA6-4D85-A9DC-4D4131FFE428}"
EndProject
Project("{FAE04EC0-301F-11D3-BF4B-00C04F79EFBC}") = "Tyuiu.BabenkovTO.Sprint4.Task2.V25.Lib", "Tyuiu.BabenkovTO.Sprint4.Task2.V25.Lib\Tyuiu.BabenkovTO.Sprint4.Task2.V25.Lib.csproj", "{A0D718BD-C51A-4931-B2B1-2F6A25EAB82D}"
EndProject
Project("{FAE04EC0-301F-11D3-BF4B-00C04F79EFBC}") = "Tyuiu.BabenkovTO.Sprint4.Task2.V25.Test", "Tyuiu.BabenkovTO.Sprint4.Task2.V25.Test\Tyuiu.BabenkovTO.Sprint4.Task2.V25.Test.csproj", "{6C387095-56F1-4911-943E-B935AF6552AB}"
EndProject
Global
	GlobalSection(SolutionConfigurationPlatforms) = preSolution
		Debug|Any CPU = Debug|Any CPU
		Release|Any CPU = Release|Any CPU
	EndGlobalSection
	GlobalSection(ProjectConfigurationPlatforms) = postSolution
		{04B34DCA-F966-4722-BEDA-E9CC40D55926}.Debug|Any CPU.ActiveCfg = Debug|Any CPU
		{04B34DCA-F966-4722-BEDA-E9CC40D55926}.Debug|Any CPU.Build.0 = Debug|Any CPU
		{04B34DCA-F966-4722-BEDA-E9CC40D55926}.Release|Any CPU.ActiveCfg = Release|Any CPU
		{04B34DCA-F966-4722-BEDA-E9CC40D55926}.Release|Any CPU.Build.0 = Release|Any CPU
		{424398C6-2EE9-425E-9E13-4F3BAB1A6C38}.Debug|Any CPU.ActiveCfg = Debug|Any CPU
		{424398C6-2EE9-425E-9E13-4F3BAB1A6C38}.Debug|Any CPU.Build.0 = Debug|Any CPU
		{424398C6-2EE9-425E-9E13-4F3BAB1A6C38}.Release|Any CPU.ActiveCfg = Release|Any CPU
		{424398C6-2EE9-425E-9E13-4F3BAB1A6C38}.Release|Any CPU.Build.0 = Release|Any CPU
		{E86B1D0B-C04E-40AB-9EBC-CB97350669C3}.Debug|Any CPU.ActiveCfg = Debug|Any CPU
		{E86B1D0B-C04E-40AB-9EBC-CB97350669C3}.Debug|Any CPU.Build.0 = Debug|Any CPU
		{E86B1D0B-C04E-40AB-9EBC-CB97350669C3}.Release|Any CPU.ActiveCfg = Release|Any CPU
		{E86B1D0B-C04E-40AB-9EBC-CB97350669C3}.Release|Any CPU.Build.0 = Release|Any CPU
		{D81BB820-89DF-4035-8B7D-D5A85F23B5D6}.Debug|Any CPU.ActiveCfg = Debug|Any CPU
		{D81BB820-89DF-4035-8B7D-D5A85F23B5D6}.Debug|Any CPU.Build.0 = Debug|Any CPU
		{D81BB820-89DF-4035-8B7D-D5A85F23B5D6}.Release|Any CPU.ActiveCfg = Release|Any CPU
		{D81BB820-89DF-4035-8B7D-D5A85F23B5D6}.Release|Any CPU.Build.0 = Release|Any CPU
		{C23B5F7A-169B-447B-8F8E-0220B0D12E34}.Debug|Any CPU.ActiveCfg = Debug|Any CPU
		{C23B5F7A-169B-447B-8F8E-0220B0D12E34}.Debug|Any CPU.Build.0 = Debug|Any CPU
		{C23B5F7A-169B-447B-8F8E-0220B0D12E34}.Release|Any CPU.ActiveCfg = Release|Any CPU
		{C23B5F7A-169B-447B-8F8E-0220B0D12E34}.Release|Any CPU.Build.0 = Release|Any CPU
		{68F66C40-A3B6-4888-A5E1-D014360EA5B0}.Debug|Any CPU.ActiveCfg = Debug|Any CPU
		{68F66C40-A3B6-4888-A5E1-D014360EA5B0}.Debug|Any CPU.Build.0 = Debug|Any CPU
		{68F66C40-A3B6-4888-A5E1-D014360EA5B0}.Release|Any CPU.ActiveCfg = Release|Any CPU
		{68F66C40-A3B6-4888-A5E1-D014360EA5B0}.Release|Any CPU.Build.0 = Release|Any CPU
		{04A48E72-3BA6-4D85-A9DC-4D4131FFE428}.Debug|Any CPU.ActiveCfg = Debug|Any CPU
		{04A48E72-3BA6-4D85-A9DC-4D4131FFE428}.Debug|Any CPU.Build.0 = Debug|Any CPU
		{04A48E72-3BA6-4D85-A9DC-4D4131FFE428}.Release|Any CPU.ActiveCfg = Release|Any CPU
		{04A48E72-3BA6-4D85-A9DC-4D4131FFE428}.Release|Any CPU.Build.0 = Release|Any CPU
		{A0D718BD-C51A-4931-B2B1-2F6A25EAB82D}.Debug|Any CPU.ActiveCfg = Debug|Any CPU
		{A0D718BD-C51A-4931-B2B1-2F6A25EAB82D}.Debug|Any CPU.Build.0 = Debug|Any CPU
		{A0D718BD-C51A-4931-B2B1-2F6A25EAB82D}.Release|Any CPU.ActiveCfg = Release|Any CPU
		{A0D718BD-C51A-4931-B2B1-2F6A25EAB82D}.Release|Any CPU.Build.0 = Release|Any CPU
		{6C387095-56F1-4911-943E-B935AF6552AB}.Debug|Any CPU.ActiveCfg = Debug|Any CPU
		{6C387095-56F1-4911-943E-B935AF6552AB}.Debug|Any CPU.Build.0 = Debug|Any CPU
		{6C387095-56F1-4911-943E-B935AF6552AB}.Release|Any CPU.ActiveCfg = Release|Any CPU
		{6C387095-56F1-4911-943E-B935AF6552AB}.Release|Any CPU.Build.0 = Release|Any CPU
	EndGlobalSection
	GlobalSection(SolutionProperties) = preSolution
		HideSolutionNode = FALSE
	EndGlobalSection
	GlobalSection(NestedProjects) = preSolution
		{04B34DCA-F966-4722-BEDA-E9CC40D55926} = {02EA681E-C7D8-13C7-8484-4AC65E1B71E8}
		{424398C6-2EE9-425E-9E13-4F3BAB1A6C38} = {02EA681E-C7D8-13C7-8484-4AC65E1B71E8}
		{E86B1D0B-C04E-40AB-9EBC-CB97350669C3} = {02EA681E-C7D8-13C7-8484-4AC65E1B71E8}
		{D81BB820-89DF-4035-8B7D-D5A85F23B5D6} = {7B530E88-A910-474C-81BD-BD2AA6CF1E75}
		{C23B5F7A-169B-447B-8F8E-0220B0D12E34} = {7B530E88-A910-474C-81BD-BD2AA6CF1E75}
		{68F66C40-A3B6-4888-A5E1-D014360EA5B0} = {7B530E88-A910-474C-81BD-BD2AA6CF1E75}
		{04A48E72-3BA6-4D85-A9DC-4D4131FFE428} = {C68D8FA1-EA55-43AF-8720-E6EA3502548D}
		{A0D718BD-C51A-4931-B2B1-2F6A25EAB82D} = {C68D8FA1-EA55-43AF-8720-E6EA3502548D}
		{6C387095-56F1-4911-943E-B935AF6552AB} = {C68D8FA1-EA55-43AF-8720-E6EA3502548D}
	EndGlobalSection
	GlobalSection(ExtensibilityGlobals) = postSolution
		SolutionGuid = {DB449971-1E6D-42C7-AADD-206F8D0F7AC4}
	EndGlobalSection
EndGlobal
