
Microsoft Visual Studio Solution File, Format Version 12.00
# Visual Studio Version 17
VisualStudioVersion = 17.14.36414.22
MinimumVisualStudioVersion = 10.0.40219.1
Project("{2150E333-8FDC-42A3-9474-1A3956D46DE8}") = "Task0", "Task0", "{02EA681E-C7D8-13C7-8484-4AC65E1B71E8}"
EndProject
Project("{FAE04EC0-301F-11D3-BF4B-00C04F79EFBC}") = "Tyuiu.BabenkovTO.Sprint4.Task0.V25", "Tyuiu.BabenkovTO.Sprint4.Task0.V25\Tyuiu.BabenkovTO.Sprint4.Task0.V25.csproj", "{04B34DCA-F966-4722-BEDA-E9CC40D55926}"
EndProject
Project("{FAE04EC0-301F-11D3-BF4B-00C04F79EFBC}") = "Tyuiu.BabenkovTO.Sprint4.Task0.V25.Lib", "Tyuiu.BabenkovTO.Sprint4.Task0.V25.Lib\Tyuiu.BabenkovTO.Sprint4.Task0.V25.Lib.csproj", "{424398C6-2EE9-425E-9E13-4F3BAB1A6C38}"
EndProject
Project("{FAE04EC0-301F-11D3-BF4B-00C04F79EFBC}") = "Tyuiu.BabenkovTO.Sprint4.Task0.V25.Test", "Tyuiu.BabenkovTO.Sprint4.Task0.V25.Test\Tyuiu.BabenkovTO.Sprint4.Task0.V25.Test.csproj", "{E86B1D0B-C04E-40AB-9EBC-CB97350669C3}"
EndProject
Project("{2150E333-8FDC-42A3-9474-1A3956D46DE8}") = "Task1", "Task1", "{7B530E88-A910-474C-81BD-BD2AA6CF1E75}"
EndProject
Project("{FAE04EC0-301F-11D3-BF4B-00C04F79EFBC}") = "Tyuiu.BabenkovTO.Sprint4.Task1.V13", "Tyuiu.BabenkovTO.Sprint4.Task1.V13\Tyuiu.BabenkovTO.Sprint4.Task1.V13.csproj", "{D81BB820-89DF-4035-8B7D-D5A85F23B5D6}"
EndProject
Project("{FAE04EC0-301F-11D3-BF4B-00C04F79EFBC}") = "Tyuiu.BabenkovTO.Sprint4.Task1.V13.Lib", "Tyuiu.BabenkovTO.Sprint4.Task1.V13.Lib\Tyuiu.BabenkovTO.Sprint4.Task1.V13.Lib.csproj", "{C23B5F7A-169B-447B-8F8E-0220B0D12E34}"
EndProject
Project("{FAE04EC0-301F-11D3-BF4B-00C04F79EFBC}") = "Tyuiu.BabenkovTO.Sprint4.Task1.V13.Test", "Tyuiu.BabenkovTO.Sprint4.Task1.V13.Test\Tyuiu.BabenkovTO.Sprint4.Task1.V13.Test.csproj", "{68F66C40-A3B6-4888-A5E1-D014360EA5B0}"
EndProject
Project("{2150E333-8FDC-42A3-9474-1A3956D46DE8}") = "Task2", "Task2", "{C68D8FA1-EA55-43AF-8720-E6EA3502548D}"
EndProject
Project("{FAE04EC0-301F-11D3-BF4B-00C04F79EFBC}") = "Tyuiu.BabenkovTO.Sprint4.Task2.V25", "Tyuiu.BabenkovTO.Sprint4.Task2.V25\Tyuiu.BabenkovTO.Sprint4.Task2.V25.csproj", "{04A48E72-3BA6-4D85-A9DC-4D4131FFE428}"
EndProject
Project("{FAE04EC0-301F-11D3-BF4B-00C04F79EFBC}") = "Tyuiu.BabenkovTO.Sprint4.Task2.V25.Lib", "Tyuiu.BabenkovTO.Sprint4.Task2.V25.Lib\Tyuiu.BabenkovTO.Sprint4.Task2.V25.Lib.csproj", "{A0D718BD-C51A-4931-B2B1-2F6A25EAB82D}"
EndProject
Project("{FAE04EC0-301F-11D3-BF4B-00C04F79EFBC}") = "Tyuiu.BabenkovTO.Sprint4.Task2.V25.Test", "Tyuiu.BabenkovTO.Sprint4.Task2.V25.Test\Tyuiu.BabenkovTO.Sprint4.Task2.V25.Test.csproj", "{6C387095-56F1-4911-943E-B935AF6552AB}"
EndProject
Project("{2150E333-8FDC-42A3-9474-1A3956D46DE8}") = "Task3", "Task3", "{86113170-DAB7-454B-BC94-69BB2EF433AA}"
EndProject
Project("{FAE04EC0-301F-11D3-BF4B-00C04F79EFBC}") = "Tyuiu.BabenkovTO.Sprint4.Task3.V8", "Tyuiu.BabenkovTO.Sprint4.Task3.V8\Tyuiu.BabenkovTO.Sprint4.Task3.V8.csproj", "{94503A65-655F-403A-B76B-D1D23D4F34A3}"
EndProject
Project("{FAE04EC0-301F-11D3-BF4B-00C04F79EFBC}") = "Tyuiu.BabenkovTO.Sprint4.Task3.V8.Lib", "Tyuiu.BabenkovTO.Sprint4.Task3.V8.Lib\Tyuiu.BabenkovTO.Sprint4.Task3.V8.Lib.csproj", "{7B6E230F-3E25-4645-82A7-9C351E70A318}"
EndProject
Project("{FAE04EC0-301F-11D3-BF4B-00C04F79EFBC}") = "Tyuiu.BabenkovTO.Sprint4.Task3.V8.Test", "Tyuiu.BabenkovTO.Sprint4.Task3.V8.Test\Tyuiu.BabenkovTO.Sprint4.Task3.V8.Test.csproj", "{87F72F7B-686E-4642-8FBF-2A49FD70EAE6}"
EndProject
Project("{2150E333-8FDC-42A3-9474-1A3956D46DE8}") = "Task4", "Task4", "{4823AEF7-5A9F-47E0-8649-AF3597127D10}"
EndProject
Project("{FAE04EC0-301F-11D3-BF4B-00C04F79EFBC}") = "Tyuiu.BabenkovTO.Sprint4.Task4.V30", "Tyuiu.BabenkovTO.Sprint4.Task4.V30\Tyuiu.BabenkovTO.Sprint4.Task4.V30.csproj", "{A93915A2-36E9-4434-9899-F77790332CC1}"
EndProject
Project("{FAE04EC0-301F-11D3-BF4B-00C04F79EFBC}") = "Tyuiu.BabenkovTO.Sprint4.Task4.V30.Lib", "Tyuiu.BabenkovTO.Sprint4.Task4.V30.Lib\Tyuiu.BabenkovTO.Sprint4.Task4.V30.Lib.csproj", "{A33487CE-97EF-4BD7-9425-1797A8BED119}"
EndProject
Project("{FAE04EC0-301F-11D3-BF4B-00C04F79EFBC}") = "Tyuiu.BabenkovTO.Sprint4.Task4.V30.Test", "Tyuiu.BabenkovTO.Sprint4.Task4.V30.Test\Tyuiu.BabenkovTO.Sprint4.Task4.V30.Test.csproj", "{DD88808E-AC5C-422D-BADD-91FC2557FCD7}"
EndProject
Project("{2150E333-8FDC-42A3-9474-1A3956D46DE8}") = "Task5", "Task5", "{8178D5F9-2F66-4F00-B616-E487FF8CCC14}"
EndProject
Project("{FAE04EC0-301F-11D3-BF4B-00C04F79EFBC}") = "Tyuiu.BabenkovTO.Sprint4.Task5.V13", "Tyuiu.BabenkovTO.Sprint4.Task5.V13\Tyuiu.BabenkovTO.Sprint4.Task5.V13.csproj", "{43A999D1-5AB9-4EF9-9240-D60C781431D1}"
EndProject
Project("{FAE04EC0-301F-11D3-BF4B-00C04F79EFBC}") = "Tyuiu.BabenkovTO.Sprint4.Task5.V13.Lib", "Tyuiu.BabenkovTO.Sprint4.Task5.V13.Lib\Tyuiu.BabenkovTO.Sprint4.Task5.V13.Lib.csproj", "{8E945DD9-D610-4D3E-B2EE-7C13E1AD20A8}"
EndProject
Project("{FAE04EC0-301F-11D3-BF4B-00C04F79EFBC}") = "Tyuiu.BabenkovTO.Sprint4.Task5.V13.Test", "Tyuiu.BabenkovTO.Sprint4.Task5.V13.Test\Tyuiu.BabenkovTO.Sprint4.Task5.V13.Test.csproj", "{C776E78D-C61D-4194-820C-7CD46EADF86F}"
EndProject
Project("{2150E333-8FDC-42A3-9474-1A3956D46DE8}") = "Task6", "Task6", "{D9AD2898-E184-408C-8FE8-D94D5ECFE0B1}"
EndProject
Project("{FAE04EC0-301F-11D3-BF4B-00C04F79EFBC}") = "Tyuiu.BabenkovTO.Sprint4.Task6.V23", "Tyuiu.BabenkovTO.Sprint4.Task6.V23\Tyuiu.BabenkovTO.Sprint4.Task6.V23.csproj", "{48CCE8CE-A5C1-433B-9834-B239C7BC6B1A}"
EndProject
Project("{FAE04EC0-301F-11D3-BF4B-00C04F79EFBC}") = "Tyuiu.BabenkovTO.Sprint4.Task6.V23.Lib", "Tyuiu.BabenkovTO.Sprint4.Task6.V23.Lib\Tyuiu.BabenkovTO.Sprint4.Task6.V23.Lib.csproj", "{62A9955F-0BDE-40AF-A95E-1B6F0013DEE6}"
EndProject
Project("{FAE04EC0-301F-11D3-BF4B-00C04F79EFBC}") = "Tyuiu.BabenkovTO.Sprint4.Task6.V23.Test", "Tyuiu.BabenkovTO.Sprint4.Task6.V23.Test\Tyuiu.BabenkovTO.Sprint4.Task6.V23.Test.csproj", "{444999A0-E75F-488C-AEB2-218B4D8BE7A1}"
EndProject
Global
	GlobalSection(SolutionConfigurationPlatforms) = preSolution
		Debug|Any CPU = Debug|Any CPU
		Release|Any CPU = Release|Any CPU
	EndGlobalSection
	GlobalSection(ProjectConfigurationPlatforms) = postSolution
		{04B34DCA-F966-4722-BEDA-E9CC40D55926}.Debug|Any CPU.ActiveCfg = Debug|Any CPU
		{04B34DCA-F966-4722-BEDA-E9CC40D55926}.Debug|Any CPU.Build.0 = Debug|Any CPU
		{04B34DCA-F966-4722-BEDA-E9CC40D55926}.Release|Any CPU.ActiveCfg = Release|Any CPU
		{04B34DCA-F966-4722-BEDA-E9CC40D55926}.Release|Any CPU.Build.0 = Release|Any CPU
		{424398C6-2EE9-425E-9E13-4F3BAB1A6C38}.Debug|Any CPU.ActiveCfg = Debug|Any CPU
		{424398C6-2EE9-425E-9E13-4F3BAB1A6C38}.Debug|Any CPU.Build.0 = Debug|Any CPU
		{424398C6-2EE9-425E-9E13-4F3BAB1A6C38}.Release|Any CPU.ActiveCfg = Release|Any CPU
		{424398C6-2EE9-425E-9E13-4F3BAB1A6C38}.Release|Any CPU.Build.0 = Release|Any CPU
		{E86B1D0B-C04E-40AB-9EBC-CB97350669C3}.Debug|Any CPU.ActiveCfg = Debug|Any CPU
		{E86B1D0B-C04E-40AB-9EBC-CB97350669C3}.Debug|Any CPU.Build.0 = Debug|Any CPU
		{E86B1D0B-C04E-40AB-9EBC-CB97350669C3}.Release|Any CPU.ActiveCfg = Release|Any CPU
		{E86B1D0B-C04E-40AB-9EBC-CB97350669C3}.Release|Any CPU.Build.0 = Release|Any CPU
		{D81BB820-89DF-4035-8B7D-D5A85F23B5D6}.Debug|Any CPU.ActiveCfg = Debug|Any CPU
		{D81BB820-89DF-4035-8B7D-D5A85F23B5D6}.Debug|Any CPU.Build.0 = Debug|Any CPU
		{D81BB820-89DF-4035-8B7D-D5A85F23B5D6}.Release|Any CPU.ActiveCfg = Release|Any CPU
		{D81BB820-89DF-4035-8B7D-D5A85F23B5D6}.Release|Any CPU.Build.0 = Release|Any CPU
		{C23B5F7A-169B-447B-8F8E-0220B0D12E34}.Debug|Any CPU.ActiveCfg = Debug|Any CPU
		{C23B5F7A-169B-447B-8F8E-0220B0D12E34}.Debug|Any CPU.Build.0 = Debug|Any CPU
		{C23B5F7A-169B-447B-8F8E-0220B0D12E34}.Release|Any CPU.ActiveCfg = Release|Any CPU
		{C23B5F7A-169B-447B-8F8E-0220B0D12E34}.Release|Any CPU.Build.0 = Release|Any CPU
		{68F66C40-A3B6-4888-A5E1-D014360EA5B0}.Debug|Any CPU.ActiveCfg = Debug|Any CPU
		{68F66C40-A3B6-4888-A5E1-D014360EA5B0}.Debug|Any CPU.Build.0 = Debug|Any CPU
		{68F66C40-A3B6-4888-A5E1-D014360EA5B0}.Release|Any CPU.ActiveCfg = Release|Any CPU
		{68F66C40-A3B6-4888-A5E1-D014360EA5B0}.Release|Any CPU.Build.0 = Release|Any CPU
		{04A48E72-3BA6-4D85-A9DC-4D4131FFE428}.Debug|Any CPU.ActiveCfg = Debug|Any CPU
		{04A48E72-3BA6-4D85-A9DC-4D4131FFE428}.Debug|Any CPU.Build.0 = Debug|Any CPU
		{04A48E72-3BA6-4D85-A9DC-4D4131FFE428}.Release|Any CPU.ActiveCfg = Release|Any CPU
		{04A48E72-3BA6-4D85-A9DC-4D4131FFE428}.Release|Any CPU.Build.0 = Release|Any CPU
		{A0D718BD-C51A-4931-B2B1-2F6A25EAB82D}.Debug|Any CPU.ActiveCfg = Debug|Any CPU
		{A0D718BD-C51A-4931-B2B1-2F6A25EAB82D}.Debug|Any CPU.Build.0 = Debug|Any CPU
		{A0D718BD-C51A-4931-B2B1-2F6A25EAB82D}.Release|Any CPU.ActiveCfg = Release|Any CPU
		{A0D718BD-C51A-4931-B2B1-2F6A25EAB82D}.Release|Any CPU.Build.0 = Release|Any CPU
		{6C387095-56F1-4911-943E-B935AF6552AB}.Debug|Any CPU.ActiveCfg = Debug|Any CPU
		{6C387095-56F1-4911-943E-B935AF6552AB}.Debug|Any CPU.Build.0 = Debug|Any CPU
		{6C387095-56F1-4911-943E-B935AF6552AB}.Release|Any CPU.ActiveCfg = Release|Any CPU
		{6C387095-56F1-4911-943E-B935AF6552AB}.Release|Any CPU.Build.0 = Release|Any CPU
		{94503A65-655F-403A-B76B-D1D23D4F34A3}.Debug|Any CPU.ActiveCfg = Debug|Any CPU
		{94503A65-655F-403A-B76B-D1D23D4F34A3}.Debug|Any CPU.Build.0 = Debug|Any CPU
		{94503A65-655F-403A-B76B-D1D23D4F34A3}.Release|Any CPU.ActiveCfg = Release|Any CPU
		{94503A65-655F-403A-B76B-D1D23D4F34A3}.Release|Any CPU.Build.0 = Release|Any CPU
		{7B6E230F-3E25-4645-82A7-9C351E70A318}.Debug|Any CPU.ActiveCfg = Debug|Any CPU
		{7B6E230F-3E25-4645-82A7-9C351E70A318}.Debug|Any CPU.Build.0 = Debug|Any CPU
		{7B6E230F-3E25-4645-82A7-9C351E70A318}.Release|Any CPU.ActiveCfg = Release|Any CPU
		{7B6E230F-3E25-4645-82A7-9C351E70A318}.Release|Any CPU.Build.0 = Release|Any CPU
		{87F72F7B-686E-4642-8FBF-2A49FD70EAE6}.Debug|Any CPU.ActiveCfg = Debug|Any CPU
		{87F72F7B-686E-4642-8FBF-2A49FD70EAE6}.Debug|Any CPU.Build.0 = Debug|Any CPU
		{87F72F7B-686E-4642-8FBF-2A49FD70EAE6}.Release|Any CPU.ActiveCfg = Release|Any CPU
		{87F72F7B-686E-4642-8FBF-2A49FD70EAE6}.Release|Any CPU.Build.0 = Release|Any CPU
		{A93915A2-36E9-4434-9899-F77790332CC1}.Debug|Any CPU.ActiveCfg = Debug|Any CPU
		{A93915A2-36E9-4434-9899-F77790332CC1}.Debug|Any CPU.Build.0 = Debug|Any CPU
		{A93915A2-36E9-4434-9899-F77790332CC1}.Release|Any CPU.ActiveCfg = Release|Any CPU
		{A93915A2-36E9-4434-9899-F77790332CC1}.Release|Any CPU.Build.0 = Release|Any CPU
		{A33487CE-97EF-4BD7-9425-1797A8BED119}.Debug|Any CPU.ActiveCfg = Debug|Any CPU
		{A33487CE-97EF-4BD7-9425-1797A8BED119}.Debug|Any CPU.Build.0 = Debug|Any CPU
		{A33487CE-97EF-4BD7-9425-1797A8BED119}.Release|Any CPU.ActiveCfg = Release|Any CPU
		{A33487CE-97EF-4BD7-9425-1797A8BED119}.Release|Any CPU.Build.0 = Release|Any CPU
		{DD88808E-AC5C-422D-BADD-91FC2557FCD7}.Debug|Any CPU.ActiveCfg = Debug|Any CPU
		{DD88808E-AC5C-422D-BADD-91FC2557FCD7}.Debug|Any CPU.Build.0 = Debug|Any CPU
		{DD88808E-AC5C-422D-BADD-91FC2557FCD7}.Release|Any CPU.ActiveCfg = Release|Any CPU
		{DD88808E-AC5C-422D-BADD-91FC2557FCD7}.Release|Any CPU.Build.0 = Release|Any CPU
		{43A999D1-5AB9-4EF9-9240-D60C781431D1}.Debug|Any CPU.ActiveCfg = Debug|Any CPU
		{43A999D1-5AB9-4EF9-9240-D60C781431D1}.Debug|Any CPU.Build.0 = Debug|Any CPU
		{43A999D1-5AB9-4EF9-9240-D60C781431D1}.Release|Any CPU.ActiveCfg = Release|Any CPU
		{43A999D1-5AB9-4EF9-9240-D60C781431D1}.Release|Any CPU.Build.0 = Release|Any CPU
		{8E945DD9-D610-4D3E-B2EE-7C13E1AD20A8}.Debug|Any CPU.ActiveCfg = Debug|Any CPU
		{8E945DD9-D610-4D3E-B2EE-7C13E1AD20A8}.Debug|Any CPU.Build.0 = Debug|Any CPU
		{8E945DD9-D610-4D3E-B2EE-7C13E1AD20A8}.Release|Any CPU.ActiveCfg = Release|Any CPU
		{8E945DD9-D610-4D3E-B2EE-7C13E1AD20A8}.Release|Any CPU.Build.0 = Release|Any CPU
		{C776E78D-C61D-4194-820C-7CD46EADF86F}.Debug|Any CPU.ActiveCfg = Debug|Any CPU
		{C776E78D-C61D-4194-820C-7CD46EADF86F}.Debug|Any CPU.Build.0 = Debug|Any CPU
		{C776E78D-C61D-4194-820C-7CD46EADF86F}.Release|Any CPU.ActiveCfg = Release|Any CPU
		{C776E78D-C61D-4194-820C-7CD46EADF86F}.Release|Any CPU.Build.0 = Release|Any CPU
		{48CCE8CE-A5C1-433B-9834-B239C7BC6B1A}.Debug|Any CPU.ActiveCfg = Debug|Any CPU
		{48CCE8CE-A5C1-433B-9834-B239C7BC6B1A}.Debug|Any CPU.Build.0 = Debug|Any CPU
		{48CCE8CE-A5C1-433B-9834-B239C7BC6B1A}.Release|Any CPU.ActiveCfg = Release|Any CPU
		{48CCE8CE-A5C1-433B-9834-B239C7BC6B1A}.Release|Any CPU.Build.0 = Release|Any CPU
		{62A9955F-0BDE-40AF-A95E-1B6F0013DEE6}.Debug|Any CPU.ActiveCfg = Debug|Any CPU
		{62A9955F-0BDE-40AF-A95E-1B6F0013DEE6}.Debug|Any CPU.Build.0 = Debug|Any CPU
		{62A9955F-0BDE-40AF-A95E-1B6F0013DEE6}.Release|Any CPU.ActiveCfg = Release|Any CPU
		{62A9955F-0BDE-40AF-A95E-1B6F0013DEE6}.Release|Any CPU.Build.0 = Release|Any CPU
		{444999A0-E75F-488C-AEB2-218B4D8BE7A1}.Debug|Any CPU.ActiveCfg = Debug|Any CPU
		{444999A0-E75F-488C-AEB2-218B4D8BE7A1}.Debug|Any CPU.Build.0 = Debug|Any CPU
		{444999A0-E75F-488C-AEB2-218B4D8BE7A1}.Release|Any CPU.ActiveCfg = Release|Any CPU
		{444999A0-E75F-488C-AEB2-218B4D8BE7A1}.Release|Any CPU.Build.0 = Release|Any CPU
	EndGlobalSection
	GlobalSection(SolutionProperties) = preSolution
		HideSolutionNode = FALSE
	EndGlobalSection
	GlobalSection(NestedProjects) = preSolution
		{04B34DCA-F966-4722-BEDA-E9CC40D55926} = {02EA681E-C7D8-13C7-8484-4AC65E1B71E8}
		{424398C6-2EE9-425E-9E13-4F3BAB1A6C38} = {02EA681E-C7D8-13C7-8484-4AC65E1B71E8}
		{E86B1D0B-C04E-40AB-9EBC-CB97350669C3} = {02EA681E-C7D8-13C7-8484-4AC65E1B71E8}
		{D81BB820-89DF-4035-8B7D-D5A85F23B5D6} = {7B530E88-A910-474C-81BD-BD2AA6CF1E75}
		{C23B5F7A-169B-447B-8F8E-0220B0D12E34} = {7B530E88-A910-474C-81BD-BD2AA6CF1E75}
		{68F66C40-A3B6-4888-A5E1-D014360EA5B0} = {7B530E88-A910-474C-81BD-BD2AA6CF1E75}
		{04A48E72-3BA6-4D85-A9DC-4D4131FFE428} = {C68D8FA1-EA55-43AF-8720-E6EA3502548D}
		{A0D718BD-C51A-4931-B2B1-2F6A25EAB82D} = {C68D8FA1-EA55-43AF-8720-E6EA3502548D}
		{6C387095-56F1-4911-943E-B935AF6552AB} = {C68D8FA1-EA55-43AF-8720-E6EA3502548D}
		{94503A65-655F-403A-B76B-D1D23D4F34A3} = {86113170-DAB7-454B-BC94-69BB2EF433AA}
		{7B6E230F-3E25-4645-82A7-9C351E70A318} = {86113170-DAB7-454B-BC94-69BB2EF433AA}
		{87F72F7B-686E-4642-8FBF-2A49FD70EAE6} = {86113170-DAB7-454B-BC94-69BB2EF433AA}
		{A93915A2-36E9-4434-9899-F77790332CC1} = {4823AEF7-5A9F-47E0-8649-AF3597127D10}
		{A33487CE-97EF-4BD7-9425-1797A8BED119} = {4823AEF7-5A9F-47E0-8649-AF3597127D10}
		{DD88808E-AC5C-422D-BADD-91FC2557FCD7} = {4823AEF7-5A9F-47E0-8649-AF3597127D10}
		{43A999D1-5AB9-4EF9-9240-D60C781431D1} = {8178D5F9-2F66-4F00-B616-E487FF8CCC14}
		{8E945DD9-D610-4D3E-B2EE-7C13E1AD20A8} = {8178D5F9-2F66-4F00-B616-E487FF8CCC14}
		{C776E78D-C61D-4194-820C-7CD46EADF86F} = {8178D5F9-2F66-4F00-B616-E487FF8CCC14}
		{48CCE8CE-A5C1-433B-9834-B239C7BC6B1A} = {D9AD2898-E184-408C-8FE8-D94D5ECFE0B1}
		{62A9955F-0BDE-40AF-A95E-1B6F0013DEE6} = {D9AD2898-E184-408C-8FE8-D94D5ECFE0B1}
		{444999A0-E75F-488C-AEB2-218B4D8BE7A1} = {D9AD2898-E184-408C-8FE8-D94D5ECFE0B1}
	EndGlobalSection
	GlobalSection(ExtensibilityGlobals) = postSolution
		SolutionGuid = {DB449971-1E6D-42C7-AADD-206F8D0F7AC4}
	EndGlobalSection
EndGlobal
